
Microsoft Visual Studio Solution File, Format Version 12.00
# Visual Studio 15
VisualStudioVersion = 15.0.28010.2016
MinimumVisualStudioVersion = 10.0.40219.1
Project("{8BC9CEB8-8B4A-11D0-8D11-00A0C91BC942}") = "MarvelEngine", "MarvelEngine.vcxproj", "{FB04AD1A-0E45-4842-B669-733101C9D03F}"
EndProject
Global
	GlobalSection(SolutionConfigurationPlatforms) = preSolution
		Debug|x64 = Debug|x64
		Debug|x86 = Debug|x86
		Release|x64 = Release|x64
		Release|x86 = Release|x86
	EndGlobalSection
	GlobalSection(ProjectConfigurationPlatforms) = postSolution
		{FB04AD1A-0E45-4842-B669-733101C9D03F}.Debug|x64.ActiveCfg = Debug|x64
		{FB04AD1A-0E45-4842-B669-733101C9D03F}.Debug|x64.Build.0 = Debug|x64
		{FB04AD1A-0E45-4842-B669-733101C9D03F}.Debug|x86.ActiveCfg = Debug|Win32
		{FB04AD1A-0E45-4842-B669-733101C9D03F}.Debug|x86.Build.0 = Debug|Win32
		{FB04AD1A-0E45-4842-B669-733101C9D03F}.Release|x64.ActiveCfg = Release|x64
		{FB04AD1A-0E45-4842-B669-733101C9D03F}.Release|x64.Build.0 = Release|x64
		{FB04AD1A-0E45-4842-B669-733101C9D03F}.Release|x86.ActiveCfg = Release|Win32
		{FB04AD1A-0E45-4842-B669-733101C9D03F}.Release|x86.Build.0 = Release|Win32
	EndGlobalSection
	GlobalSection(SolutionProperties) = preSolution
		HideSolutionNode = FALSE
	EndGlobalSection
	GlobalSection(ExtensibilityGlobals) = postSolution
		SolutionGuid = {058E0994-45FE-45B4-8B04-CC6C6FC05D7E}
	EndGlobalSection
EndGlobal
